
Microsoft Visual Studio Solution File, Format Version 12.00
# Visual Studio Version 17
VisualStudioVersion = 17.13.35806.99 d17.13
MinimumVisualStudioVersion = 10.0.40219.1
Project("{FAE04EC0-301F-11D3-BF4B-00C04F79EFBC}") = "opentkLearn", "opentkLearn\opentkLearn.csproj", "{EBFB8C5E-EFE1-4CDA-8C2B-CC3890547351}"
EndProject
Global
	GlobalSection(SolutionConfigurationPlatforms) = preSolution
		Debug|Any CPU = Debug|Any CPU
		Release|Any CPU = Release|Any CPU
	EndGlobalSection
	GlobalSection(ProjectConfigurationPlatforms) = postSolution
		{EBFB8C5E-EFE1-4CDA-8C2B-CC3890547351}.Debug|Any CPU.ActiveCfg = Debug|Any CPU
		{EBFB8C5E-EFE1-4CDA-8C2B-CC3890547351}.Debug|Any CPU.Build.0 = Debug|Any CPU
		{EBFB8C5E-EFE1-4CDA-8C2B-CC3890547351}.Release|Any CPU.ActiveCfg = Release|Any CPU
		{EBFB8C5E-EFE1-4CDA-8C2B-CC3890547351}.Release|Any CPU.Build.0 = Release|Any CPU
	EndGlobalSection
	GlobalSection(SolutionProperties) = preSolution
		HideSolutionNode = FALSE
	EndGlobalSection
	GlobalSection(ExtensibilityGlobals) = postSolution
		SolutionGuid = {B1D78725-E21E-473A-8F9C-99B0D26B7157}
	EndGlobalSection
EndGlobal
